
Microsoft Visual Studio Solution File, Format Version 12.00
# Visual Studio Version 16
VisualStudioVersion = 16.0.31205.134
MinimumVisualStudioVersion = 10.0.40219.1
Project("{FAE04EC0-301F-11D3-BF4B-00C04F79EFBC}") = "ListaEj3", "ListaEj3\ListaEj3.csproj", "{A5BFB73E-DF7B-47DA-872C-469D34004892}"
EndProject
Global
	GlobalSection(SolutionConfigurationPlatforms) = preSolution
		Debug|Any CPU = Debug|Any CPU
		Release|Any CPU = Release|Any CPU
	EndGlobalSection
	GlobalSection(ProjectConfigurationPlatforms) = postSolution
		{A5BFB73E-DF7B-47DA-872C-469D34004892}.Debug|Any CPU.ActiveCfg = Debug|Any CPU
		{A5BFB73E-DF7B-47DA-872C-469D34004892}.Debug|Any CPU.Build.0 = Debug|Any CPU
		{A5BFB73E-DF7B-47DA-872C-469D34004892}.Release|Any CPU.ActiveCfg = Release|Any CPU
		{A5BFB73E-DF7B-47DA-872C-469D34004892}.Release|Any CPU.Build.0 = Release|Any CPU
	EndGlobalSection
	GlobalSection(SolutionProperties) = preSolution
		HideSolutionNode = FALSE
	EndGlobalSection
	GlobalSection(ExtensibilityGlobals) = postSolution
		SolutionGuid = {E55CC586-860C-4DBE-B22B-BF3BCCF2CE57}
	EndGlobalSection
EndGlobal
